
Microsoft Visual Studio Solution File, Format Version 12.00
# Visual Studio 15
VisualStudioVersion = 15.0.27130.2010
MinimumVisualStudioVersion = 10.0.40219.1
Project("{FAE04EC0-301F-11D3-BF4B-00C04F79EFBC}") = "CzatKlient", "CzatKlient\CzatKlient.csproj", "{D2ABEF3B-F0C4-4D45-AF98-B0209CE22B64}"
EndProject
Global
	GlobalSection(SolutionConfigurationPlatforms) = preSolution
		Debug|Any CPU = Debug|Any CPU
		Release|Any CPU = Release|Any CPU
	EndGlobalSection
	GlobalSection(ProjectConfigurationPlatforms) = postSolution
		{D2ABEF3B-F0C4-4D45-AF98-B0209CE22B64}.Debug|Any CPU.ActiveCfg = Debug|Any CPU
		{D2ABEF3B-F0C4-4D45-AF98-B0209CE22B64}.Debug|Any CPU.Build.0 = Debug|Any CPU
		{D2ABEF3B-F0C4-4D45-AF98-B0209CE22B64}.Release|Any CPU.ActiveCfg = Release|Any CPU
		{D2ABEF3B-F0C4-4D45-AF98-B0209CE22B64}.Release|Any CPU.Build.0 = Release|Any CPU
	EndGlobalSection
	GlobalSection(SolutionProperties) = preSolution
		HideSolutionNode = FALSE
	EndGlobalSection
	GlobalSection(ExtensibilityGlobals) = postSolution
		SolutionGuid = {C5608AA8-0FA4-4067-9E1A-BC446118E2EE}
	EndGlobalSection
EndGlobal
